
Microsoft Visual Studio Solution File, Format Version 12.00
Project("{FAE04EC0-301F-11D3-BF4B-00C04F79EFBC}") = "External Merge Sort", "External Merge Sort\External Merge Sort.csproj", "{34AAE161-38A4-40BC-8BF5-279499855155}"
EndProject
Global
	GlobalSection(SolutionConfigurationPlatforms) = preSolution
		Debug|Any CPU = Debug|Any CPU
		Release|Any CPU = Release|Any CPU
	EndGlobalSection
	GlobalSection(ProjectConfigurationPlatforms) = postSolution
		{34AAE161-38A4-40BC-8BF5-279499855155}.Debug|Any CPU.ActiveCfg = Debug|Any CPU
		{34AAE161-38A4-40BC-8BF5-279499855155}.Debug|Any CPU.Build.0 = Debug|Any CPU
		{34AAE161-38A4-40BC-8BF5-279499855155}.Release|Any CPU.ActiveCfg = Release|Any CPU
		{34AAE161-38A4-40BC-8BF5-279499855155}.Release|Any CPU.Build.0 = Release|Any CPU
	EndGlobalSection
EndGlobal
